{
  "nodes": {
    "devshell": {
      "inputs": {
        "nixpkgs": [
          "nixpkgs"
        ]
      },
      "locked": {
        "lastModified": 1764011051,
        "narHash": "sha256-M7SZyPZiqZUR/EiiBJnmyUbOi5oE/03tCeFrTiUZchI=",
        "owner": "numtide",
        "repo": "devshell",
        "rev": "17ed8d9744ebe70424659b0ef74ad6d41fc87071",
        "type": "github"
      },
      "original": {
        "owner": "numtide",
        "repo": "devshell",
        "type": "github"
      }
    },
    "elm-spa": {
      "inputs": {
        "nixpkgs": [
          "mkElmDerivation",
          "nixpkgs"
        ]
      },
      "locked": {
        "lastModified": 1706301604,
        "narHash": "sha256-n6LDjnPCTLbKTrRgeZhlLTfY6V45xNYcb4NYEMuO4jg=",
        "owner": "jeslie0",
        "repo": "elm-spa",
        "rev": "4c82e18d5fcf9d4c027f0ef0e89204dd87584f7f",
        "type": "github"
      },
      "original": {
        "owner": "jeslie0",
        "repo": "elm-spa",
        "type": "github"
      }
    },
    "elm-watch": {
      "inputs": {
        "flake-utils": [
          "flake-utils"
        ],
        "nixpkgs": [
          "nixpkgs"
        ]
      },
      "locked": {
        "lastModified": 1,
        "narHash": "sha256-drEpsgSN/++vW+RPNRTlplWeo/WnQzAyoAyZZ9ztnMg=",
        "path": "./elm-watch",
        "type": "path"
      },
      "original": {
        "path": "./elm-watch",
        "type": "path"
      }
    },
    "flake-utils": {
      "inputs": {
        "systems": "systems"
      },
      "locked": {
        "lastModified": 1731533236,
        "narHash": "sha256-l0KFg5HjrsfsO/JpG+r7fRrqm12kzFHyUHqHCVpMMbI=",
        "owner": "numtide",
        "repo": "flake-utils",
        "rev": "11707dc2f618dd54ca8739b309ec4fc024de578b",
        "type": "github"
      },
      "original": {
        "owner": "numtide",
        "repo": "flake-utils",
        "type": "github"
      }
    },
    "mkElmDerivation": {
      "inputs": {
        "elm-spa": "elm-spa",
        "elm-watch": [
          "elm-watch"
        ],
        "nixpkgs": [
          "nixpkgs"
        ]
      },
      "locked": {
        "lastModified": 1765715066,
        "narHash": "sha256-qRPAaF2/EpDNCozFbomRN35QY8wud8VFvToTOM2RaO8=",
        "owner": "jeslie0",
        "repo": "mkElmDerivation",
        "rev": "30e09b68bcb740d868a9c76d16ea6f613a4b6c7f",
        "type": "github"
      },
      "original": {
        "owner": "jeslie0",
        "repo": "mkElmDerivation",
        "type": "github"
      }
    },
    "nixpkgs": {
      "locked": {
        "lastModified": 1765608474,
        "narHash": "sha256-9Wx53UK0z8Di5iesJID0tS1dRKwGxI4i7tsSanOHhF0=",
        "owner": "NixOS",
        "repo": "nixpkgs",
        "rev": "28bb483c11a1214a73f9fd2d9928a6e2ea86ec71",
        "type": "github"
      },
      "original": {
        "owner": "NixOS",
        "ref": "nixos-25.11",
        "repo": "nixpkgs",
        "type": "github"
      }
    },
    "root": {
      "inputs": {
        "devshell": "devshell",
        "elm-watch": "elm-watch",
        "flake-utils": "flake-utils",
        "mkElmDerivation": "mkElmDerivation",
        "nixpkgs": "nixpkgs",
        "run-parallel": "run-parallel",
        "tasks": "tasks"
      }
    },
    "run-parallel": {
      "inputs": {
        "flake-utils": [
          "flake-utils"
        ],
        "nixpkgs": [
          "nixpkgs"
        ]
      },
      "locked": {
        "lastModified": 1,
        "narHash": "sha256-L7CU8/YEUpinVz/MlfTlffew++UtgAmtObPZxnz/feg=",
        "path": "./run-parallel",
        "type": "path"
      },
      "original": {
        "path": "./run-parallel",
        "type": "path"
      }
    },
    "systems": {
      "locked": {
        "lastModified": 1681028828,
        "narHash": "sha256-Vy1rq5AaRuLzOxct8nz4T6wlgyUR7zLU309k9mBC768=",
        "owner": "nix-systems",
        "repo": "default",
        "rev": "da67096a3b9bf56a91d16901293e51ba5b49a27e",
        "type": "github"
      },
      "original": {
        "owner": "nix-systems",
        "repo": "default",
        "type": "github"
      }
    },
    "tasks": {
      "inputs": {
        "flake-utils": [
          "flake-utils"
        ],
        "nixpkgs": [
          "nixpkgs"
        ]
      },
      "locked": {
        "lastModified": 1,
        "narHash": "sha256-LZXyfh9dUSbp36X2uMA2pMNhby7BcYNQIwY4t5IM7vo=",
        "path": "./tasks",
        "type": "path"
      },
      "original": {
        "path": "./tasks",
        "type": "path"
      }
    }
  },
  "root": "root",
  "version": 7
}
